{
  "name": "examples",
  "version": "1.0.0",
  "lockfileVersion": 1,
  "requires": true,
  "dependencies": {
    "bayes-text-classifier": {
      "version": "0.0.1",
      "resolved": "https://registry.npmjs.org/bayes-text-classifier/-/bayes-text-classifier-0.0.1.tgz",
      "integrity": "sha512-Cf83Hf+5P1MkSMgoLWrAZiMw42UMJvbvxS4WCAOMC8MT1cWUDR7dODs5jpFDlW1m6H/XwgRzxacliacyJF0R6w=="
    },
    "seedrandom": {
      "version": "2.4.4",
      "resolved": "https://registry.npmjs.org/seedrandom/-/seedrandom-2.4.4.tgz",
      "integrity": "sha512-9A+PDmgm+2du77B5i0Ip2cxOqqHjgNxnBgglxLcX78A2D6c2rTo61z4jnVABpF4cKeDMDG+cmXXvdnqse2VqMA=="
    },
    "train-test-split": {
      "version": "1.0.0",
      "resolved": "https://registry.npmjs.org/train-test-split/-/train-test-split-1.0.0.tgz",
      "integrity": "sha512-Ycp9KDjKj70Bv58DP6cChWKSkkL12eSgakDuuR8IsEcgfClD3HfZO8gCT7voihL7PcjELdDjldzInX4xHLkMQw==",
      "requires": {
        "seedrandom": "^2.4.4"
      }
    }
  }
}
